
Microsoft Visual Studio Solution File, Format Version 12.00
# Visual Studio Version 16
VisualStudioVersion = 16.0.30225.117
MinimumVisualStudioVersion = 10.0.40219.1
Project("{FAE04EC0-301F-11D3-BF4B-00C04F79EFBC}") = "LocalPizza", "LocalPizza\LocalPizza.csproj", "{60A7A6E4-7805-4ABD-805C-F0C182368900}"
EndProject
Global
	GlobalSection(SolutionConfigurationPlatforms) = preSolution
		Debug|Any CPU = Debug|Any CPU
		Release|Any CPU = Release|Any CPU
	EndGlobalSection
	GlobalSection(ProjectConfigurationPlatforms) = postSolution
		{60A7A6E4-7805-4ABD-805C-F0C182368900}.Debug|Any CPU.ActiveCfg = Debug|Any CPU
		{60A7A6E4-7805-4ABD-805C-F0C182368900}.Debug|Any CPU.Build.0 = Debug|Any CPU
		{60A7A6E4-7805-4ABD-805C-F0C182368900}.Release|Any CPU.ActiveCfg = Release|Any CPU
		{60A7A6E4-7805-4ABD-805C-F0C182368900}.Release|Any CPU.Build.0 = Release|Any CPU
	EndGlobalSection
	GlobalSection(SolutionProperties) = preSolution
		HideSolutionNode = FALSE
	EndGlobalSection
	GlobalSection(ExtensibilityGlobals) = postSolution
		SolutionGuid = {F37A13D1-3ED4-4167-8DDF-02184F6BB655}
	EndGlobalSection
EndGlobal
