
Microsoft Visual Studio Solution File, Format Version 12.00
# Visual Studio Version 16
VisualStudioVersion = 16.0.30225.117
MinimumVisualStudioVersion = 10.0.40219.1
Project("{9A19103F-16F7-4668-BE54-9A1E7A4F7556}") = "LocalPizza", "LocalPizza\LocalPizza.csproj", "{60A7A6E4-7805-4ABD-805C-F0C182368900}"
EndProject
Project("{9A19103F-16F7-4668-BE54-9A1E7A4F7556}") = "LocalPizza.Core", "LocalPizza.Core\LocalPizza.Core.csproj", "{DC7A2ABE-AB5F-4659-8059-0BF94D2F7B76}"
EndProject
Project("{9A19103F-16F7-4668-BE54-9A1E7A4F7556}") = "LocalPizza.Data", "LocalPizza.Data\LocalPizza.Data.csproj", "{C507BDE7-5D8F-4694-AD91-033A286C2936}"
EndProject
Global
	GlobalSection(SolutionConfigurationPlatforms) = preSolution
		Debug|Any CPU = Debug|Any CPU
		Release|Any CPU = Release|Any CPU
	EndGlobalSection
	GlobalSection(ProjectConfigurationPlatforms) = postSolution
		{60A7A6E4-7805-4ABD-805C-F0C182368900}.Debug|Any CPU.ActiveCfg = Debug|Any CPU
		{60A7A6E4-7805-4ABD-805C-F0C182368900}.Debug|Any CPU.Build.0 = Debug|Any CPU
		{60A7A6E4-7805-4ABD-805C-F0C182368900}.Release|Any CPU.ActiveCfg = Release|Any CPU
		{60A7A6E4-7805-4ABD-805C-F0C182368900}.Release|Any CPU.Build.0 = Release|Any CPU
		{DC7A2ABE-AB5F-4659-8059-0BF94D2F7B76}.Debug|Any CPU.ActiveCfg = Debug|Any CPU
		{DC7A2ABE-AB5F-4659-8059-0BF94D2F7B76}.Debug|Any CPU.Build.0 = Debug|Any CPU
		{DC7A2ABE-AB5F-4659-8059-0BF94D2F7B76}.Release|Any CPU.ActiveCfg = Release|Any CPU
		{DC7A2ABE-AB5F-4659-8059-0BF94D2F7B76}.Release|Any CPU.Build.0 = Release|Any CPU
		{C507BDE7-5D8F-4694-AD91-033A286C2936}.Debug|Any CPU.ActiveCfg = Debug|Any CPU
		{C507BDE7-5D8F-4694-AD91-033A286C2936}.Debug|Any CPU.Build.0 = Debug|Any CPU
		{C507BDE7-5D8F-4694-AD91-033A286C2936}.Release|Any CPU.ActiveCfg = Release|Any CPU
		{C507BDE7-5D8F-4694-AD91-033A286C2936}.Release|Any CPU.Build.0 = Release|Any CPU
	EndGlobalSection
	GlobalSection(SolutionProperties) = preSolution
		HideSolutionNode = FALSE
	EndGlobalSection
	GlobalSection(ExtensibilityGlobals) = postSolution
		SolutionGuid = {F37A13D1-3ED4-4167-8DDF-02184F6BB655}
	EndGlobalSection
EndGlobal
